// !$*UTF8*$!
{
	archiveVersion = 1;
	classes = {
	};
	objectVersion = 56;
	objects = {

/* Begin PBXBuildFile section */
		3F56E7FF2D8F0306005D3106 /* SwiftUI_TutorialApp.swift in Sources */ = {isa = PBXBuildFile; fileRef = 3F56E7FE2D8F0306005D3106 /* SwiftUI_TutorialApp.swift */; };
		3F56E8012D8F0306005D3106 /* ContentView.swift in Sources */ = {isa = PBXBuildFile; fileRef = 3F56E8002D8F0306005D3106 /* ContentView.swift */; };
		3F56E8032D8F0308005D3106 /* Assets.xcassets in Resources */ = {isa = PBXBuildFile; fileRef = 3F56E8022D8F0308005D3106 /* Assets.xcassets */; };
		3F56E8062D8F0308005D3106 /* Preview Assets.xcassets in Resources */ = {isa = PBXBuildFile; fileRef = 3F56E8052D8F0308005D3106 /* Preview Assets.xcassets */; };
		3F56E8102D8F0309005D3106 /* SwiftUI_TutorialTests.swift in Sources */ = {isa = PBXBuildFile; fileRef = 3F56E80F2D8F0309005D3106 /* SwiftUI_TutorialTests.swift */; };
		3F56E81A2D8F0309005D3106 /* SwiftUI_TutorialUITests.swift in Sources */ = {isa = PBXBuildFile; fileRef = 3F56E8192D8F0309005D3106 /* SwiftUI_TutorialUITests.swift */; };
		3F56E81C2D8F0309005D3106 /* SwiftUI_TutorialUITestsLaunchTests.swift in Sources */ = {isa = PBXBuildFile; fileRef = 3F56E81B2D8F0309005D3106 /* SwiftUI_TutorialUITestsLaunchTests.swift */; };
/* End PBXBuildFile section */

/* Begin PBXContainerItemProxy section */
		3F56E80C2D8F0309005D3106 /* PBXContainerItemProxy */ = {
			isa = PBXContainerItemProxy;
			containerPortal = 3F56E7F32D8F0306005D3106 /* Project object */;
			proxyType = 1;
			remoteGlobalIDString = 3F56E7FA2D8F0306005D3106;
			remoteInfo = "SwiftUI-Tutorial";
		};
		3F56E8162D8F0309005D3106 /* PBXContainerItemProxy */ = {
			isa = PBXContainerItemProxy;
			containerPortal = 3F56E7F32D8F0306005D3106 /* Project object */;
			proxyType = 1;
			remoteGlobalIDString = 3F56E7FA2D8F0306005D3106;
			remoteInfo = "SwiftUI-Tutorial";
		};
/* End PBXContainerItemProxy section */

/* Begin PBXFileReference section */
		3F56E7FB2D8F0306005D3106 /* SwiftUI-Tutorial.app */ = {isa = PBXFileReference; explicitFileType = wrapper.application; includeInIndex = 0; path = "SwiftUI-Tutorial.app"; sourceTree = BUILT_PRODUCTS_DIR; };
		3F56E7FE2D8F0306005D3106 /* SwiftUI_TutorialApp.swift */ = {isa = PBXFileReference; lastKnownFileType = sourcecode.swift; path = SwiftUI_TutorialApp.swift; sourceTree = "<group>"; };
		3F56E8002D8F0306005D3106 /* ContentView.swift */ = {isa = PBXFileReference; lastKnownFileType = sourcecode.swift; path = ContentView.swift; sourceTree = "<group>"; };
		3F56E8022D8F0308005D3106 /* Assets.xcassets */ = {isa = PBXFileReference; lastKnownFileType = folder.assetcatalog; path = Assets.xcassets; sourceTree = "<group>"; };
		3F56E8052D8F0308005D3106 /* Preview Assets.xcassets */ = {isa = PBXFileReference; lastKnownFileType = folder.assetcatalog; path = "Preview Assets.xcassets"; sourceTree = "<group>"; };
		3F56E80B2D8F0309005D3106 /* SwiftUI-TutorialTests.xctest */ = {isa = PBXFileReference; explicitFileType = wrapper.cfbundle; includeInIndex = 0; path = "SwiftUI-TutorialTests.xctest"; sourceTree = BUILT_PRODUCTS_DIR; };
		3F56E80F2D8F0309005D3106 /* SwiftUI_TutorialTests.swift */ = {isa = PBXFileReference; lastKnownFileType = sourcecode.swift; path = SwiftUI_TutorialTests.swift; sourceTree = "<group>"; };
		3F56E8152D8F0309005D3106 /* SwiftUI-TutorialUITests.xctest */ = {isa = PBXFileReference; explicitFileType = wrapper.cfbundle; includeInIndex = 0; path = "SwiftUI-TutorialUITests.xctest"; sourceTree = BUILT_PRODUCTS_DIR; };
		3F56E8192D8F0309005D3106 /* SwiftUI_TutorialUITests.swift */ = {isa = PBXFileReference; lastKnownFileType = sourcecode.swift; path = SwiftUI_TutorialUITests.swift; sourceTree = "<group>"; };
		3F56E81B2D8F0309005D3106 /* SwiftUI_TutorialUITestsLaunchTests.swift */ = {isa = PBXFileReference; lastKnownFileType = sourcecode.swift; path = SwiftUI_TutorialUITestsLaunchTests.swift; sourceTree = "<group>"; };
/* End PBXFileReference section */

/* Begin PBXFrameworksBuildPhase section */
		3F56E7F82D8F0306005D3106 /* Frameworks */ = {
			isa = PBXFrameworksBuildPhase;
			buildActionMask = 2147483647;
			files = (
			);
			runOnlyForDeploymentPostprocessing = 0;
		};
		3F56E8082D8F0309005D3106 /* Frameworks */ = {
			isa = PBXFrameworksBuildPhase;
			buildActionMask = 2147483647;
			files = (
			);
			runOnlyForDeploymentPostprocessing = 0;
		};
		3F56E8122D8F0309005D3106 /* Frameworks */ = {
			isa = PBXFrameworksBuildPhase;
			buildActionMask = 2147483647;
			files = (
			);
			runOnlyForDeploymentPostprocessing = 0;
		};
/* End PBXFrameworksBuildPhase section */

/* Begin PBXGroup section */
		3F56E7F22D8F0306005D3106 = {
			isa = PBXGroup;
			children = (
				3F56E7FD2D8F0306005D3106 /* SwiftUI-Tutorial */,
				3F56E80E2D8F0309005D3106 /* SwiftUI-TutorialTests */,
				3F56E8182D8F0309005D3106 /* SwiftUI-TutorialUITests */,
				3F56E7FC2D8F0306005D3106 /* Products */,
			);
			sourceTree = "<group>";
		};
		3F56E7FC2D8F0306005D3106 /* Products */ = {
			isa = PBXGroup;
			children = (
				3F56E7FB2D8F0306005D3106 /* SwiftUI-Tutorial.app */,
				3F56E80B2D8F0309005D3106 /* SwiftUI-TutorialTests.xctest */,
				3F56E8152D8F0309005D3106 /* SwiftUI-TutorialUITests.xctest */,
			);
			name = Products;
			sourceTree = "<group>";
		};
		3F56E7FD2D8F0306005D3106 /* SwiftUI-Tutorial */ = {
			isa = PBXGroup;
			children = (
				3F56E7FE2D8F0306005D3106 /* SwiftUI_TutorialApp.swift */,
				3F56E8002D8F0306005D3106 /* ContentView.swift */,
				3F56E8022D8F0308005D3106 /* Assets.xcassets */,
				3F56E8042D8F0308005D3106 /* Preview Content */,
			);
			path = "SwiftUI-Tutorial";
			sourceTree = "<group>";
		};
		3F56E8042D8F0308005D3106 /* Preview Content */ = {
			isa = PBXGroup;
			children = (
				3F56E8052D8F0308005D3106 /* Preview Assets.xcassets */,
			);
			path = "Preview Content";
			sourceTree = "<group>";
		};
		3F56E80E2D8F0309005D3106 /* SwiftUI-TutorialTests */ = {
			isa = PBXGroup;
			children = (
				3F56E80F2D8F0309005D3106 /* SwiftUI_TutorialTests.swift */,
			);
			path = "SwiftUI-TutorialTests";
			sourceTree = "<group>";
		};
		3F56E8182D8F0309005D3106 /* SwiftUI-TutorialUITests */ = {
			isa = PBXGroup;
			children = (
				3F56E8192D8F0309005D3106 /* SwiftUI_TutorialUITests.swift */,
				3F56E81B2D8F0309005D3106 /* SwiftUI_TutorialUITestsLaunchTests.swift */,
			);
			path = "SwiftUI-TutorialUITests";
			sourceTree = "<group>";
		};
/* End PBXGroup section */

/* Begin PBXNativeTarget section */
		3F56E7FA2D8F0306005D3106 /* SwiftUI-Tutorial */ = {
			isa = PBXNativeTarget;
			buildConfigurationList = 3F56E81F2D8F0309005D3106 /* Build configuration list for PBXNativeTarget "SwiftUI-Tutorial" */;
			buildPhases = (
				3F56E7F72D8F0306005D3106 /* Sources */,
				3F56E7F82D8F0306005D3106 /* Frameworks */,
				3F56E7F92D8F0306005D3106 /* Resources */,
			);
			buildRules = (
			);
			dependencies = (
			);
			name = "SwiftUI-Tutorial";
			productName = "SwiftUI-Tutorial";
			productReference = 3F56E7FB2D8F0306005D3106 /* SwiftUI-Tutorial.app */;
			productType = "com.apple.product-type.application";
		};
		3F56E80A2D8F0309005D3106 /* SwiftUI-TutorialTests */ = {
			isa = PBXNativeTarget;
			buildConfigurationList = 3F56E8222D8F0309005D3106 /* Build configuration list for PBXNativeTarget "SwiftUI-TutorialTests" */;
			buildPhases = (
				3F56E8072D8F0309005D3106 /* Sources */,
				3F56E8082D8F0309005D3106 /* Frameworks */,
				3F56E8092D8F0309005D3106 /* Resources */,
			);
			buildRules = (
			);
			dependencies = (
				3F56E80D2D8F0309005D3106 /* PBXTargetDependency */,
			);
			name = "SwiftUI-TutorialTests";
			productName = "SwiftUI-TutorialTests";
			productReference = 3F56E80B2D8F0309005D3106 /* SwiftUI-TutorialTests.xctest */;
			productType = "com.apple.product-type.bundle.unit-test";
		};
		3F56E8142D8F0309005D3106 /* SwiftUI-TutorialUITests */ = {
			isa = PBXNativeTarget;
			buildConfigurationList = 3F56E8252D8F0309005D3106 /* Build configuration list for PBXNativeTarget "SwiftUI-TutorialUITests" */;
			buildPhases = (
				3F56E8112D8F0309005D3106 /* Sources */,
				3F56E8122D8F0309005D3106 /* Frameworks */,
				3F56E8132D8F0309005D3106 /* Resources */,
			);
			buildRules = (
			);
			dependencies = (
				3F56E8172D8F0309005D3106 /* PBXTargetDependency */,
			);
			name = "SwiftUI-TutorialUITests";
			productName = "SwiftUI-TutorialUITests";
			productReference = 3F56E8152D8F0309005D3106 /* SwiftUI-TutorialUITests.xctest */;
			productType = "com.apple.product-type.bundle.ui-testing";
		};
/* End PBXNativeTarget section */

/* Begin PBXProject section */
		3F56E7F32D8F0306005D3106 /* Project object */ = {
			isa = PBXProject;
			attributes = {
				BuildIndependentTargetsInParallel = 1;
				LastSwiftUpdateCheck = 1520;
				LastUpgradeCheck = 1520;
				TargetAttributes = {
					3F56E7FA2D8F0306005D3106 = {
						CreatedOnToolsVersion = 15.2;
					};
					3F56E80A2D8F0309005D3106 = {
						CreatedOnToolsVersion = 15.2;
						TestTargetID = 3F56E7FA2D8F0306005D3106;
					};
					3F56E8142D8F0309005D3106 = {
						CreatedOnToolsVersion = 15.2;
						TestTargetID = 3F56E7FA2D8F0306005D3106;
					};
				};
			};
			buildConfigurationList = 3F56E7F62D8F0306005D3106 /* Build configuration list for PBXProject "SwiftUI-Tutorial" */;
			compatibilityVersion = "Xcode 14.0";
			developmentRegion = en;
			hasScannedForEncodings = 0;
			knownRegions = (
				en,
				Base,
			);
			mainGroup = 3F56E7F22D8F0306005D3106;
			productRefGroup = 3F56E7FC2D8F0306005D3106 /* Products */;
			projectDirPath = "";
			projectRoot = "";
			targets = (
				3F56E7FA2D8F0306005D3106 /* SwiftUI-Tutorial */,
				3F56E80A2D8F0309005D3106 /* SwiftUI-TutorialTests */,
				3F56E8142D8F0309005D3106 /* SwiftUI-TutorialUITests */,
			);
		};
/* End PBXProject section */

/* Begin PBXResourcesBuildPhase section */
		3F56E7F92D8F0306005D3106 /* Resources */ = {
			isa = PBXResourcesBuildPhase;
			buildActionMask = 2147483647;
			files = (
				3F56E8062D8F0308005D3106 /* Preview Assets.xcassets in Resources */,
				3F56E8032D8F0308005D3106 /* Assets.xcassets in Resources */,
			);
			runOnlyForDeploymentPostprocessing = 0;
		};
		3F56E8092D8F0309005D3106 /* Resources */ = {
			isa = PBXResourcesBuildPhase;
			buildActionMask = 2147483647;
			files = (
			);
			runOnlyForDeploymentPostprocessing = 0;
		};
		3F56E8132D8F0309005D3106 /* Resources */ = {
			isa = PBXResourcesBuildPhase;
			buildActionMask = 2147483647;
			files = (
			);
			runOnlyForDeploymentPostprocessing = 0;
		};
/* End PBXResourcesBuildPhase section */

/* Begin PBXSourcesBuildPhase section */
		3F56E7F72D8F0306005D3106 /* Sources */ = {
			isa = PBXSourcesBuildPhase;
			buildActionMask = 2147483647;
			files = (
				3F56E8012D8F0306005D3106 /* ContentView.swift in Sources */,
				3F56E7FF2D8F0306005D3106 /* SwiftUI_TutorialApp.swift in Sources */,
			);
			runOnlyForDeploymentPostprocessing = 0;
		};
		3F56E8072D8F0309005D3106 /* Sources */ = {
			isa = PBXSourcesBuildPhase;
			buildActionMask = 2147483647;
			files = (
				3F56E8102D8F0309005D3106 /* SwiftUI_TutorialTests.swift in Sources */,
			);
			runOnlyForDeploymentPostprocessing = 0;
		};
		3F56E8112D8F0309005D3106 /* Sources */ = {
			isa = PBXSourcesBuildPhase;
			buildActionMask = 2147483647;
			files = (
				3F56E81C2D8F0309005D3106 /* SwiftUI_TutorialUITestsLaunchTests.swift in Sources */,
				3F56E81A2D8F0309005D3106 /* SwiftUI_TutorialUITests.swift in Sources */,
			);
			runOnlyForDeploymentPostprocessing = 0;
		};
/* End PBXSourcesBuildPhase section */

/* Begin PBXTargetDependency section */
		3F56E80D2D8F0309005D3106 /* PBXTargetDependency */ = {
			isa = PBXTargetDependency;
			target = 3F56E7FA2D8F0306005D3106 /* SwiftUI-Tutorial */;
			targetProxy = 3F56E80C2D8F0309005D3106 /* PBXContainerItemProxy */;
		};
		3F56E8172D8F0309005D3106 /* PBXTargetDependency */ = {
			isa = PBXTargetDependency;
			target = 3F56E7FA2D8F0306005D3106 /* SwiftUI-Tutorial */;
			targetProxy = 3F56E8162D8F0309005D3106 /* PBXContainerItemProxy */;
		};
/* End PBXTargetDependency section */

/* Begin XCBuildConfiguration section */
		3F56E81D2D8F0309005D3106 /* Debug */ = {
			isa = XCBuildConfiguration;
			buildSettings = {
				ALWAYS_SEARCH_USER_PATHS = NO;
				ASSETCATALOG_COMPILER_GENERATE_SWIFT_ASSET_SYMBOL_EXTENSIONS = YES;
				CLANG_ANALYZER_NONNULL = YES;
				CLANG_ANALYZER_NUMBER_OBJECT_CONVERSION = YES_AGGRESSIVE;
				CLANG_CXX_LANGUAGE_STANDARD = "gnu++20";
				CLANG_ENABLE_MODULES = YES;
				CLANG_ENABLE_OBJC_ARC = YES;
				CLANG_ENABLE_OBJC_WEAK = YES;
				CLANG_WARN_BLOCK_CAPTURE_AUTORELEASING = YES;
				CLANG_WARN_BOOL_CONVERSION = YES;
				CLANG_WARN_COMMA = YES;
				CLANG_WARN_CONSTANT_CONVERSION = YES;
				CLANG_WARN_DEPRECATED_OBJC_IMPLEMENTATIONS = YES;
				CLANG_WARN_DIRECT_OBJC_ISA_USAGE = YES_ERROR;
				CLANG_WARN_DOCUMENTATION_COMMENTS = YES;
				CLANG_WARN_EMPTY_BODY = YES;
				CLANG_WARN_ENUM_CONVERSION = YES;
				CLANG_WARN_INFINITE_RECURSION = YES;
				CLANG_WARN_INT_CONVERSION = YES;
				CLANG_WARN_NON_LITERAL_NULL_CONVERSION = YES;
				CLANG_WARN_OBJC_IMPLICIT_RETAIN_SELF = YES;
				CLANG_WARN_OBJC_LITERAL_CONVERSION = YES;
				CLANG_WARN_OBJC_ROOT_CLASS = YES_ERROR;
				CLANG_WARN_QUOTED_INCLUDE_IN_FRAMEWORK_HEADER = YES;
				CLANG_WARN_RANGE_LOOP_ANALYSIS = YES;
				CLANG_WARN_STRICT_PROTOTYPES = YES;
				CLANG_WARN_SUSPICIOUS_MOVE = YES;
				CLANG_WARN_UNGUARDED_AVAILABILITY = YES_AGGRESSIVE;
				CLANG_WARN_UNREACHABLE_CODE = YES;
				CLANG_WARN__DUPLICATE_METHOD_MATCH = YES;
				COPY_PHASE_STRIP = NO;
				DEBUG_INFORMATION_FORMAT = dwarf;
				ENABLE_STRICT_OBJC_MSGSEND = YES;
				ENABLE_TESTABILITY = YES;
				ENABLE_USER_SCRIPT_SANDBOXING = YES;
				GCC_C_LANGUAGE_STANDARD = gnu17;
				GCC_DYNAMIC_NO_PIC = NO;
				GCC_NO_COMMON_BLOCKS = YES;
				GCC_OPTIMIZATION_LEVEL = 0;
				GCC_PREPROCESSOR_DEFINITIONS = (
					"DEBUG=1",
					"$(inherited)",
				);
				GCC_WARN_64_TO_32_BIT_CONVERSION = YES;
				GCC_WARN_ABOUT_RETURN_TYPE = YES_ERROR;
				GCC_WARN_UNDECLARED_SELECTOR = YES;
				GCC_WARN_UNINITIALIZED_AUTOS = YES_AGGRESSIVE;
				GCC_WARN_UNUSED_FUNCTION = YES;
				GCC_WARN_UNUSED_VARIABLE = YES;
				IPHONEOS_DEPLOYMENT_TARGET = 17.2;
				LOCALIZATION_PREFERS_STRING_CATALOGS = YES;
				MTL_ENABLE_DEBUG_INFO = INCLUDE_SOURCE;
				MTL_FAST_MATH = YES;
				ONLY_ACTIVE_ARCH = YES;
				SDKROOT = iphoneos;
				SWIFT_ACTIVE_COMPILATION_CONDITIONS = "DEBUG $(inherited)";
				SWIFT_OPTIMIZATION_LEVEL = "-Onone";
			};
			name = Debug;
		};
		3F56E81E2D8F0309005D3106 /* Release */ = {
			isa = XCBuildConfiguration;
			buildSettings = {
				ALWAYS_SEARCH_USER_PATHS = NO;
				ASSETCATALOG_COMPILER_GENERATE_SWIFT_ASSET_SYMBOL_EXTENSIONS = YES;
				CLANG_ANALYZER_NONNULL = YES;
				CLANG_ANALYZER_NUMBER_OBJECT_CONVERSION = YES_AGGRESSIVE;
				CLANG_CXX_LANGUAGE_STANDARD = "gnu++20";
				CLANG_ENABLE_MODULES = YES;
				CLANG_ENABLE_OBJC_ARC = YES;
				CLANG_ENABLE_OBJC_WEAK = YES;
				CLANG_WARN_BLOCK_CAPTURE_AUTORELEASING = YES;
				CLANG_WARN_BOOL_CONVERSION = YES;
				CLANG_WARN_COMMA = YES;
				CLANG_WARN_CONSTANT_CONVERSION = YES;
				CLANG_WARN_DEPRECATED_OBJC_IMPLEMENTATIONS = YES;
				CLANG_WARN_DIRECT_OBJC_ISA_USAGE = YES_ERROR;
				CLANG_WARN_DOCUMENTATION_COMMENTS = YES;
				CLANG_WARN_EMPTY_BODY = YES;
				CLANG_WARN_ENUM_CONVERSION = YES;
				CLANG_WARN_INFINITE_RECURSION = YES;
				CLANG_WARN_INT_CONVERSION = YES;
				CLANG_WARN_NON_LITERAL_NULL_CONVERSION = YES;
				CLANG_WARN_OBJC_IMPLICIT_RETAIN_SELF = YES;
				CLANG_WARN_OBJC_LITERAL_CONVERSION = YES;
				CLANG_WARN_OBJC_ROOT_CLASS = YES_ERROR;
				CLANG_WARN_QUOTED_INCLUDE_IN_FRAMEWORK_HEADER = YES;
				CLANG_WARN_RANGE_LOOP_ANALYSIS = YES;
				CLANG_WARN_STRICT_PROTOTYPES = YES;
				CLANG_WARN_SUSPICIOUS_MOVE = YES;
				CLANG_WARN_UNGUARDED_AVAILABILITY = YES_AGGRESSIVE;
				CLANG_WARN_UNREACHABLE_CODE = YES;
				CLANG_WARN__DUPLICATE_METHOD_MATCH = YES;
				COPY_PHASE_STRIP = NO;
				DEBUG_INFORMATION_FORMAT = "dwarf-with-dsym";
				ENABLE_NS_ASSERTIONS = NO;
				ENABLE_STRICT_OBJC_MSGSEND = YES;
				ENABLE_USER_SCRIPT_SANDBOXING = YES;
				GCC_C_LANGUAGE_STANDARD = gnu17;
				GCC_NO_COMMON_BLOCKS = YES;
				GCC_WARN_64_TO_32_BIT_CONVERSION = YES;
				GCC_WARN_ABOUT_RETURN_TYPE = YES_ERROR;
				GCC_WARN_UNDECLARED_SELECTOR = YES;
				GCC_WARN_UNINITIALIZED_AUTOS = YES_AGGRESSIVE;
				GCC_WARN_UNUSED_FUNCTION = YES;
				GCC_WARN_UNUSED_VARIABLE = YES;
				IPHONEOS_DEPLOYMENT_TARGET = 17.2;
				LOCALIZATION_PREFERS_STRING_CATALOGS = YES;
				MTL_ENABLE_DEBUG_INFO = NO;
				MTL_FAST_MATH = YES;
				SDKROOT = iphoneos;
				SWIFT_COMPILATION_MODE = wholemodule;
				VALIDATE_PRODUCT = YES;
			};
			name = Release;
		};
		3F56E8202D8F0309005D3106 /* Debug */ = {
			isa = XCBuildConfiguration;
			buildSettings = {
				ASSETCATALOG_COMPILER_APPICON_NAME = AppIcon;
				ASSETCATALOG_COMPILER_GLOBAL_ACCENT_COLOR_NAME = AccentColor;
				CODE_SIGN_STYLE = Automatic;
				CURRENT_PROJECT_VERSION = 1;
				DEVELOPMENT_ASSET_PATHS = "\"SwiftUI-Tutorial/Preview Content\"";
				ENABLE_PREVIEWS = YES;
				GENERATE_INFOPLIST_FILE = YES;
				INFOPLIST_KEY_UIApplicationSceneManifest_Generation = YES;
				INFOPLIST_KEY_UIApplicationSupportsIndirectInputEvents = YES;
				INFOPLIST_KEY_UILaunchScreen_Generation = YES;
				INFOPLIST_KEY_UISupportedInterfaceOrientations_iPad = "UIInterfaceOrientationPortrait UIInterfaceOrientationPortraitUpsideDown UIInterfaceOrientationLandscapeLeft UIInterfaceOrientationLandscapeRight";
				INFOPLIST_KEY_UISupportedInterfaceOrientations_iPhone = "UIInterfaceOrientationPortrait UIInterfaceOrientationLandscapeLeft UIInterfaceOrientationLandscapeRight";
				LD_RUNPATH_SEARCH_PATHS = (
					"$(inherited)",
					"@executable_path/Frameworks",
				);
				MARKETING_VERSION = 1.0;
				PRODUCT_BUNDLE_IDENTIFIER = "com.julianojosoa13.SwiftUI-Tutorial";
				PRODUCT_NAME = "$(TARGET_NAME)";
				SWIFT_EMIT_LOC_STRINGS = YES;
				SWIFT_VERSION = 5.0;
				TARGETED_DEVICE_FAMILY = "1,2";
			};
			name = Debug;
		};
		3F56E8212D8F0309005D3106 /* Release */ = {
			isa = XCBuildConfiguration;
			buildSettings = {
				ASSETCATALOG_COMPILER_APPICON_NAME = AppIcon;
				ASSETCATALOG_COMPILER_GLOBAL_ACCENT_COLOR_NAME = AccentColor;
				CODE_SIGN_STYLE = Automatic;
				CURRENT_PROJECT_VERSION = 1;
				DEVELOPMENT_ASSET_PATHS = "\"SwiftUI-Tutorial/Preview Content\"";
				ENABLE_PREVIEWS = YES;
				GENERATE_INFOPLIST_FILE = YES;
				INFOPLIST_KEY_UIApplicationSceneManifest_Generation = YES;
				INFOPLIST_KEY_UIApplicationSupportsIndirectInputEvents = YES;
				INFOPLIST_KEY_UILaunchScreen_Generation = YES;
				INFOPLIST_KEY_UISupportedInterfaceOrientations_iPad = "UIInterfaceOrientationPortrait UIInterfaceOrientationPortraitUpsideDown UIInterfaceOrientationLandscapeLeft UIInterfaceOrientationLandscapeRight";
				INFOPLIST_KEY_UISupportedInterfaceOrientations_iPhone = "UIInterfaceOrientationPortrait UIInterfaceOrientationLandscapeLeft UIInterfaceOrientationLandscapeRight";
				LD_RUNPATH_SEARCH_PATHS = (
					"$(inherited)",
					"@executable_path/Frameworks",
				);
				MARKETING_VERSION = 1.0;
				PRODUCT_BUNDLE_IDENTIFIER = "com.julianojosoa13.SwiftUI-Tutorial";
				PRODUCT_NAME = "$(TARGET_NAME)";
				SWIFT_EMIT_LOC_STRINGS = YES;
				SWIFT_VERSION = 5.0;
				TARGETED_DEVICE_FAMILY = "1,2";
			};
			name = Release;
		};
		3F56E8232D8F0309005D3106 /* Debug */ = {
			isa = XCBuildConfiguration;
			buildSettings = {
				ALWAYS_EMBED_SWIFT_STANDARD_LIBRARIES = YES;
				BUNDLE_LOADER = "$(TEST_HOST)";
				CODE_SIGN_STYLE = Automatic;
				CURRENT_PROJECT_VERSION = 1;
				GENERATE_INFOPLIST_FILE = YES;
				IPHONEOS_DEPLOYMENT_TARGET = 17.2;
				MARKETING_VERSION = 1.0;
				PRODUCT_BUNDLE_IDENTIFIER = "com.julianojosoa13.SwiftUI-TutorialTests";
				PRODUCT_NAME = "$(TARGET_NAME)";
				SWIFT_EMIT_LOC_STRINGS = NO;
				SWIFT_VERSION = 5.0;
				TARGETED_DEVICE_FAMILY = "1,2";
				TEST_HOST = "$(BUILT_PRODUCTS_DIR)/SwiftUI-Tutorial.app/$(BUNDLE_EXECUTABLE_FOLDER_PATH)/SwiftUI-Tutorial";
			};
			name = Debug;
		};
		3F56E8242D8F0309005D3106 /* Release */ = {
			isa = XCBuildConfiguration;
			buildSettings = {
				ALWAYS_EMBED_SWIFT_STANDARD_LIBRARIES = YES;
				BUNDLE_LOADER = "$(TEST_HOST)";
				CODE_SIGN_STYLE = Automatic;
				CURRENT_PROJECT_VERSION = 1;
				GENERATE_INFOPLIST_FILE = YES;
				IPHONEOS_DEPLOYMENT_TARGET = 17.2;
				MARKETING_VERSION = 1.0;
				PRODUCT_BUNDLE_IDENTIFIER = "com.julianojosoa13.SwiftUI-TutorialTests";
				PRODUCT_NAME = "$(TARGET_NAME)";
				SWIFT_EMIT_LOC_STRINGS = NO;
				SWIFT_VERSION = 5.0;
				TARGETED_DEVICE_FAMILY = "1,2";
				TEST_HOST = "$(BUILT_PRODUCTS_DIR)/SwiftUI-Tutorial.app/$(BUNDLE_EXECUTABLE_FOLDER_PATH)/SwiftUI-Tutorial";
			};
			name = Release;
		};
		3F56E8262D8F0309005D3106 /* Debug */ = {
			isa = XCBuildConfiguration;
			buildSettings = {
				ALWAYS_EMBED_SWIFT_STANDARD_LIBRARIES = YES;
				CODE_SIGN_STYLE = Automatic;
				CURRENT_PROJECT_VERSION = 1;
				GENERATE_INFOPLIST_FILE = YES;
				MARKETING_VERSION = 1.0;
				PRODUCT_BUNDLE_IDENTIFIER = "com.julianojosoa13.SwiftUI-TutorialUITests";
				PRODUCT_NAME = "$(TARGET_NAME)";
				SWIFT_EMIT_LOC_STRINGS = NO;
				SWIFT_VERSION = 5.0;
				TARGETED_DEVICE_FAMILY = "1,2";
				TEST_TARGET_NAME = "SwiftUI-Tutorial";
			};
			name = Debug;
		};
		3F56E8272D8F0309005D3106 /* Release */ = {
			isa = XCBuildConfiguration;
			buildSettings = {
				ALWAYS_EMBED_SWIFT_STANDARD_LIBRARIES = YES;
				CODE_SIGN_STYLE = Automatic;
				CURRENT_PROJECT_VERSION = 1;
				GENERATE_INFOPLIST_FILE = YES;
				MARKETING_VERSION = 1.0;
				PRODUCT_BUNDLE_IDENTIFIER = "com.julianojosoa13.SwiftUI-TutorialUITests";
				PRODUCT_NAME = "$(TARGET_NAME)";
				SWIFT_EMIT_LOC_STRINGS = NO;
				SWIFT_VERSION = 5.0;
				TARGETED_DEVICE_FAMILY = "1,2";
				TEST_TARGET_NAME = "SwiftUI-Tutorial";
			};
			name = Release;
		};
/* End XCBuildConfiguration section */

/* Begin XCConfigurationList section */
		3F56E7F62D8F0306005D3106 /* Build configuration list for PBXProject "SwiftUI-Tutorial" */ = {
			isa = XCConfigurationList;
			buildConfigurations = (
				3F56E81D2D8F0309005D3106 /* Debug */,
				3F56E81E2D8F0309005D3106 /* Release */,
			);
			defaultConfigurationIsVisible = 0;
			defaultConfigurationName = Release;
		};
		3F56E81F2D8F0309005D3106 /* Build configuration list for PBXNativeTarget "SwiftUI-Tutorial" */ = {
			isa = XCConfigurationList;
			buildConfigurations = (
				3F56E8202D8F0309005D3106 /* Debug */,
				3F56E8212D8F0309005D3106 /* Release */,
			);
			defaultConfigurationIsVisible = 0;
			defaultConfigurationName = Release;
		};
		3F56E8222D8F0309005D3106 /* Build configuration list for PBXNativeTarget "SwiftUI-TutorialTests" */ = {
			isa = XCConfigurationList;
			buildConfigurations = (
				3F56E8232D8F0309005D3106 /* Debug */,
				3F56E8242D8F0309005D3106 /* Release */,
			);
			defaultConfigurationIsVisible = 0;
			defaultConfigurationName = Release;
		};
		3F56E8252D8F0309005D3106 /* Build configuration list for PBXNativeTarget "SwiftUI-TutorialUITests" */ = {
			isa = XCConfigurationList;
			buildConfigurations = (
				3F56E8262D8F0309005D3106 /* Debug */,
				3F56E8272D8F0309005D3106 /* Release */,
			);
			defaultConfigurationIsVisible = 0;
			defaultConfigurationName = Release;
		};
/* End XCConfigurationList section */
	};
	rootObject = 3F56E7F32D8F0306005D3106 /* Project object */;
}
